
Microsoft Visual Studio Solution File, Format Version 12.00
# Visual Studio Version 17
VisualStudioVersion = 17.8.34316.72
MinimumVisualStudioVersion = 10.0.40219.1
Project("{FAE04EC0-301F-11D3-BF4B-00C04F79EFBC}") = "MedicineCheckPage", "MedicineCheckPage.csproj", "{EAC92A91-7857-463A-86D3-2558DF3FEB12}"
EndProject
Global
	GlobalSection(SolutionConfigurationPlatforms) = preSolution
		Debug|Any CPU = Debug|Any CPU
		Release|Any CPU = Release|Any CPU
	EndGlobalSection
	GlobalSection(ProjectConfigurationPlatforms) = postSolution
		{EAC92A91-7857-463A-86D3-2558DF3FEB12}.Debug|Any CPU.ActiveCfg = Debug|Any CPU
		{EAC92A91-7857-463A-86D3-2558DF3FEB12}.Debug|Any CPU.Build.0 = Debug|Any CPU
		{EAC92A91-7857-463A-86D3-2558DF3FEB12}.Release|Any CPU.ActiveCfg = Release|Any CPU
		{EAC92A91-7857-463A-86D3-2558DF3FEB12}.Release|Any CPU.Build.0 = Release|Any CPU
	EndGlobalSection
	GlobalSection(SolutionProperties) = preSolution
		HideSolutionNode = FALSE
	EndGlobalSection
	GlobalSection(ExtensibilityGlobals) = postSolution
		SolutionGuid = {04382458-C432-4EB9-BDE2-D398A94079D5}
	EndGlobalSection
EndGlobal
